// !$*UTF8*$!
{
	archiveVersion = 1;
	classes = {
	};
	objectVersion = 50;
	objects = {

/* Begin PBXBuildFile section */
		3FC7E0BE27CF506500E87F26 /* AppDelegate.swift in Sources */ = {isa = PBXBuildFile; fileRef = 3FC7E0BD27CF506500E87F26 /* AppDelegate.swift */; };
		3FC7E0C027CF506500E87F26 /* SceneDelegate.swift in Sources */ = {isa = PBXBuildFile; fileRef = 3FC7E0BF27CF506500E87F26 /* SceneDelegate.swift */; };
		3FC7E0C527CF506600E87F26 /* Main.storyboard in Resources */ = {isa = PBXBuildFile; fileRef = 3FC7E0C327CF506600E87F26 /* Main.storyboard */; };
		3FC7E0C727CF507E00E87F26 /* Assets.xcassets in Resources */ = {isa = PBXBuildFile; fileRef = 3FC7E0C627CF507E00E87F26 /* Assets.xcassets */; };
		3FC7E0CA27CF507E00E87F26 /* LaunchScreen.storyboard in Resources */ = {isa = PBXBuildFile; fileRef = 3FC7E0C827CF507E00E87F26 /* LaunchScreen.storyboard */; };
		3FC7E0D527CF507F00E87F26 /* CalculatorTests.swift in Sources */ = {isa = PBXBuildFile; fileRef = 3FC7E0D427CF507F00E87F26 /* CalculatorTests.swift */; };
		3FC7E0E027CF507F00E87F26 /* CalculatorUITests.swift in Sources */ = {isa = PBXBuildFile; fileRef = 3FC7E0DF27CF507F00E87F26 /* CalculatorUITests.swift */; };
/* End PBXBuildFile section */

/* Begin PBXContainerItemProxy section */
		3FC7E0D127CF507F00E87F26 /* PBXContainerItemProxy */ = {
			isa = PBXContainerItemProxy;
			containerPortal = 3FC7E0B227CF506500E87F26 /* Project object */;
			proxyType = 1;
			remoteGlobalIDString = 3FC7E0B927CF506500E87F26;
			remoteInfo = Calculator;
		};
		3FC7E0DC27CF507F00E87F26 /* PBXContainerItemProxy */ = {
			isa = PBXContainerItemProxy;
			containerPortal = 3FC7E0B227CF506500E87F26 /* Project object */;
			proxyType = 1;
			remoteGlobalIDString = 3FC7E0B927CF506500E87F26;
			remoteInfo = Calculator;
		};
/* End PBXContainerItemProxy section */

/* Begin PBXFileReference section */
		3FC7E0BA27CF506500E87F26 /* Calculator.app */ = {isa = PBXFileReference; explicitFileType = wrapper.application; includeInIndex = 0; path = Calculator.app; sourceTree = BUILT_PRODUCTS_DIR; };
		3FC7E0BD27CF506500E87F26 /* AppDelegate.swift */ = {isa = PBXFileReference; lastKnownFileType = sourcecode.swift; path = AppDelegate.swift; sourceTree = "<group>"; };
		3FC7E0BF27CF506500E87F26 /* SceneDelegate.swift */ = {isa = PBXFileReference; lastKnownFileType = sourcecode.swift; path = SceneDelegate.swift; sourceTree = "<group>"; };
		3FC7E0C427CF506600E87F26 /* Base */ = {isa = PBXFileReference; lastKnownFileType = file.storyboard; name = Base; path = Base.lproj/Main.storyboard; sourceTree = "<group>"; };
		3FC7E0C627CF507E00E87F26 /* Assets.xcassets */ = {isa = PBXFileReference; lastKnownFileType = folder.assetcatalog; path = Assets.xcassets; sourceTree = "<group>"; };
		3FC7E0C927CF507E00E87F26 /* Base */ = {isa = PBXFileReference; lastKnownFileType = file.storyboard; name = Base; path = Base.lproj/LaunchScreen.storyboard; sourceTree = "<group>"; };
		3FC7E0CB27CF507E00E87F26 /* Info.plist */ = {isa = PBXFileReference; lastKnownFileType = text.plist.xml; path = Info.plist; sourceTree = "<group>"; };
		3FC7E0D027CF507F00E87F26 /* CalculatorTests.xctest */ = {isa = PBXFileReference; explicitFileType = wrapper.cfbundle; includeInIndex = 0; path = CalculatorTests.xctest; sourceTree = BUILT_PRODUCTS_DIR; };
		3FC7E0D427CF507F00E87F26 /* CalculatorTests.swift */ = {isa = PBXFileReference; lastKnownFileType = sourcecode.swift; path = CalculatorTests.swift; sourceTree = "<group>"; };
		3FC7E0D627CF507F00E87F26 /* Info.plist */ = {isa = PBXFileReference; lastKnownFileType = text.plist.xml; path = Info.plist; sourceTree = "<group>"; };
		3FC7E0DB27CF507F00E87F26 /* CalculatorUITests.xctest */ = {isa = PBXFileReference; explicitFileType = wrapper.cfbundle; includeInIndex = 0; path = CalculatorUITests.xctest; sourceTree = BUILT_PRODUCTS_DIR; };
		3FC7E0DF27CF507F00E87F26 /* CalculatorUITests.swift */ = {isa = PBXFileReference; lastKnownFileType = sourcecode.swift; path = CalculatorUITests.swift; sourceTree = "<group>"; };
		3FC7E0E127CF507F00E87F26 /* Info.plist */ = {isa = PBXFileReference; lastKnownFileType = text.plist.xml; path = Info.plist; sourceTree = "<group>"; };
/* End PBXFileReference section */

/* Begin PBXFrameworksBuildPhase section */
		3FC7E0B727CF506500E87F26 /* Frameworks */ = {
			isa = PBXFrameworksBuildPhase;
			buildActionMask = 2147483647;
			files = (
			);
			runOnlyForDeploymentPostprocessing = 0;
		};
		3FC7E0CD27CF507F00E87F26 /* Frameworks */ = {
			isa = PBXFrameworksBuildPhase;
			buildActionMask = 2147483647;
			files = (
			);
			runOnlyForDeploymentPostprocessing = 0;
		};
		3FC7E0D827CF507F00E87F26 /* Frameworks */ = {
			isa = PBXFrameworksBuildPhase;
			buildActionMask = 2147483647;
			files = (
			);
			runOnlyForDeploymentPostprocessing = 0;
		};
/* End PBXFrameworksBuildPhase section */

/* Begin PBXGroup section */
		3FC7E0B127CF506500E87F26 = {
			isa = PBXGroup;
			children = (
				3FC7E0BC27CF506500E87F26 /* Calculator */,
				3FC7E0D327CF507F00E87F26 /* CalculatorTests */,
				3FC7E0DE27CF507F00E87F26 /* CalculatorUITests */,
				3FC7E0BB27CF506500E87F26 /* Products */,
			);
			sourceTree = "<group>";
		};
		3FC7E0BB27CF506500E87F26 /* Products */ = {
			isa = PBXGroup;
			children = (
				3FC7E0BA27CF506500E87F26 /* Calculator.app */,
				3FC7E0D027CF507F00E87F26 /* CalculatorTests.xctest */,
				3FC7E0DB27CF507F00E87F26 /* CalculatorUITests.xctest */,
			);
			name = Products;
			sourceTree = "<group>";
		};
		3FC7E0BC27CF506500E87F26 /* Calculator */ = {
			isa = PBXGroup;
			children = (
				3FC7E0BD27CF506500E87F26 /* AppDelegate.swift */,
				3FC7E0BF27CF506500E87F26 /* SceneDelegate.swift */,
				3FC7E0C327CF506600E87F26 /* Main.storyboard */,
				3FC7E0C627CF507E00E87F26 /* Assets.xcassets */,
				3FC7E0C827CF507E00E87F26 /* LaunchScreen.storyboard */,
				3FC7E0CB27CF507E00E87F26 /* Info.plist */,
			);
			path = Calculator;
			sourceTree = "<group>";
		};
		3FC7E0D327CF507F00E87F26 /* CalculatorTests */ = {
			isa = PBXGroup;
			children = (
				3FC7E0D427CF507F00E87F26 /* CalculatorTests.swift */,
				3FC7E0D627CF507F00E87F26 /* Info.plist */,
			);
			path = CalculatorTests;
			sourceTree = "<group>";
		};
		3FC7E0DE27CF507F00E87F26 /* CalculatorUITests */ = {
			isa = PBXGroup;
			children = (
				3FC7E0DF27CF507F00E87F26 /* CalculatorUITests.swift */,
				3FC7E0E127CF507F00E87F26 /* Info.plist */,
			);
			path = CalculatorUITests;
			sourceTree = "<group>";
		};
/* End PBXGroup section */

/* Begin PBXNativeTarget section */
		3FC7E0B927CF506500E87F26 /* Calculator */ = {
			isa = PBXNativeTarget;
			buildConfigurationList = 3FC7E0E427CF507F00E87F26 /* Build configuration list for PBXNativeTarget "Calculator" */;
			buildPhases = (
				3FC7E0B627CF506500E87F26 /* Sources */,
				3FC7E0B727CF506500E87F26 /* Frameworks */,
				3FC7E0B827CF506500E87F26 /* Resources */,
			);
			buildRules = (
			);
			dependencies = (
			);
			name = Calculator;
			productName = Calculator;
			productReference = 3FC7E0BA27CF506500E87F26 /* Calculator.app */;
			productType = "com.apple.product-type.application";
		};
		3FC7E0CF27CF507F00E87F26 /* CalculatorTests */ = {
			isa = PBXNativeTarget;
			buildConfigurationList = 3FC7E0E727CF507F00E87F26 /* Build configuration list for PBXNativeTarget "CalculatorTests" */;
			buildPhases = (
				3FC7E0CC27CF507F00E87F26 /* Sources */,
				3FC7E0CD27CF507F00E87F26 /* Frameworks */,
				3FC7E0CE27CF507F00E87F26 /* Resources */,
			);
			buildRules = (
			);
			dependencies = (
				3FC7E0D227CF507F00E87F26 /* PBXTargetDependency */,
			);
			name = CalculatorTests;
			productName = CalculatorTests;
			productReference = 3FC7E0D027CF507F00E87F26 /* CalculatorTests.xctest */;
			productType = "com.apple.product-type.bundle.unit-test";
		};
		3FC7E0DA27CF507F00E87F26 /* CalculatorUITests */ = {
			isa = PBXNativeTarget;
			buildConfigurationList = 3FC7E0EA27CF507F00E87F26 /* Build configuration list for PBXNativeTarget "CalculatorUITests" */;
			buildPhases = (
				3FC7E0D727CF507F00E87F26 /* Sources */,
				3FC7E0D827CF507F00E87F26 /* Frameworks */,
				3FC7E0D927CF507F00E87F26 /* Resources */,
			);
			buildRules = (
			);
			dependencies = (
				3FC7E0DD27CF507F00E87F26 /* PBXTargetDependency */,
			);
			name = CalculatorUITests;
			productName = CalculatorUITests;
			productReference = 3FC7E0DB27CF507F00E87F26 /* CalculatorUITests.xctest */;
			productType = "com.apple.product-type.bundle.ui-testing";
		};
/* End PBXNativeTarget section */

/* Begin PBXProject section */
		3FC7E0B227CF506500E87F26 /* Project object */ = {
			isa = PBXProject;
			attributes = {
				LastSwiftUpdateCheck = 1130;
				LastUpgradeCheck = 1130;
				ORGANIZATIONNAME = SVIIT;
				TargetAttributes = {
					3FC7E0B927CF506500E87F26 = {
						CreatedOnToolsVersion = 11.3.1;
					};
					3FC7E0CF27CF507F00E87F26 = {
						CreatedOnToolsVersion = 11.3.1;
						TestTargetID = 3FC7E0B927CF506500E87F26;
					};
					3FC7E0DA27CF507F00E87F26 = {
						CreatedOnToolsVersion = 11.3.1;
						TestTargetID = 3FC7E0B927CF506500E87F26;
					};
				};
			};
			buildConfigurationList = 3FC7E0B527CF506500E87F26 /* Build configuration list for PBXProject "Calculator" */;
			compatibilityVersion = "Xcode 9.3";
			developmentRegion = en;
			hasScannedForEncodings = 0;
			knownRegions = (
				en,
				Base,
			);
			mainGroup = 3FC7E0B127CF506500E87F26;
			productRefGroup = 3FC7E0BB27CF506500E87F26 /* Products */;
			projectDirPath = "";
			projectRoot = "";
			targets = (
				3FC7E0B927CF506500E87F26 /* Calculator */,
				3FC7E0CF27CF507F00E87F26 /* CalculatorTests */,
				3FC7E0DA27CF507F00E87F26 /* CalculatorUITests */,
			);
		};
/* End PBXProject section */

/* Begin PBXResourcesBuildPhase section */
		3FC7E0B827CF506500E87F26 /* Resources */ = {
			isa = PBXResourcesBuildPhase;
			buildActionMask = 2147483647;
			files = (
				3FC7E0CA27CF507E00E87F26 /* LaunchScreen.storyboard in Resources */,
				3FC7E0C727CF507E00E87F26 /* Assets.xcassets in Resources */,
				3FC7E0C527CF506600E87F26 /* Main.storyboard in Resources */,
			);
			runOnlyForDeploymentPostprocessing = 0;
		};
		3FC7E0CE27CF507F00E87F26 /* Resources */ = {
			isa = PBXResourcesBuildPhase;
			buildActionMask = 2147483647;
			files = (
			);
			runOnlyForDeploymentPostprocessing = 0;
		};
		3FC7E0D927CF507F00E87F26 /* Resources */ = {
			isa = PBXResourcesBuildPhase;
			buildActionMask = 2147483647;
			files = (
			);
			runOnlyForDeploymentPostprocessing = 0;
		};
/* End PBXResourcesBuildPhase section */

/* Begin PBXSourcesBuildPhase section */
		3FC7E0B627CF506500E87F26 /* Sources */ = {
			isa = PBXSourcesBuildPhase;
			buildActionMask = 2147483647;
			files = (
				3FC7E0BE27CF506500E87F26 /* AppDelegate.swift in Sources */,
				3FC7E0C027CF506500E87F26 /* SceneDelegate.swift in Sources */,
			);
			runOnlyForDeploymentPostprocessing = 0;
		};
		3FC7E0CC27CF507F00E87F26 /* Sources */ = {
			isa = PBXSourcesBuildPhase;
			buildActionMask = 2147483647;
			files = (
				3FC7E0D527CF507F00E87F26 /* CalculatorTests.swift in Sources */,
			);
			runOnlyForDeploymentPostprocessing = 0;
		};
		3FC7E0D727CF507F00E87F26 /* Sources */ = {
			isa = PBXSourcesBuildPhase;
			buildActionMask = 2147483647;
			files = (
				3FC7E0E027CF507F00E87F26 /* CalculatorUITests.swift in Sources */,
			);
			runOnlyForDeploymentPostprocessing = 0;
		};
/* End PBXSourcesBuildPhase section */

/* Begin PBXTargetDependency section */
		3FC7E0D227CF507F00E87F26 /* PBXTargetDependency */ = {
			isa = PBXTargetDependency;
			target = 3FC7E0B927CF506500E87F26 /* Calculator */;
			targetProxy = 3FC7E0D127CF507F00E87F26 /* PBXContainerItemProxy */;
		};
		3FC7E0DD27CF507F00E87F26 /* PBXTargetDependency */ = {
			isa = PBXTargetDependency;
			target = 3FC7E0B927CF506500E87F26 /* Calculator */;
			targetProxy = 3FC7E0DC27CF507F00E87F26 /* PBXContainerItemProxy */;
		};
/* End PBXTargetDependency section */

/* Begin PBXVariantGroup section */
		3FC7E0C327CF506600E87F26 /* Main.storyboard */ = {
			isa = PBXVariantGroup;
			children = (
				3FC7E0C427CF506600E87F26 /* Base */,
			);
			name = Main.storyboard;
			sourceTree = "<group>";
		};
		3FC7E0C827CF507E00E87F26 /* LaunchScreen.storyboard */ = {
			isa = PBXVariantGroup;
			children = (
				3FC7E0C927CF507E00E87F26 /* Base */,
			);
			name = LaunchScreen.storyboard;
			sourceTree = "<group>";
		};
/* End PBXVariantGroup section */

/* Begin XCBuildConfiguration section */
		3FC7E0E227CF507F00E87F26 /* Debug */ = {
			isa = XCBuildConfiguration;
			buildSettings = {
				ALWAYS_SEARCH_USER_PATHS = NO;
				CLANG_ANALYZER_NONNULL = YES;
				CLANG_ANALYZER_NUMBER_OBJECT_CONVERSION = YES_AGGRESSIVE;
				CLANG_CXX_LANGUAGE_STANDARD = "gnu++14";
				CLANG_CXX_LIBRARY = "libc++";
				CLANG_ENABLE_MODULES = YES;
				CLANG_ENABLE_OBJC_ARC = YES;
				CLANG_ENABLE_OBJC_WEAK = YES;
				CLANG_WARN_BLOCK_CAPTURE_AUTORELEASING = YES;
				CLANG_WARN_BOOL_CONVERSION = YES;
				CLANG_WARN_COMMA = YES;
				CLANG_WARN_CONSTANT_CONVERSION = YES;
				CLANG_WARN_DEPRECATED_OBJC_IMPLEMENTATIONS = YES;
				CLANG_WARN_DIRECT_OBJC_ISA_USAGE = YES_ERROR;
				CLANG_WARN_DOCUMENTATION_COMMENTS = YES;
				CLANG_WARN_EMPTY_BODY = YES;
				CLANG_WARN_ENUM_CONVERSION = YES;
				CLANG_WARN_INFINITE_RECURSION = YES;
				CLANG_WARN_INT_CONVERSION = YES;
				CLANG_WARN_NON_LITERAL_NULL_CONVERSION = YES;
				CLANG_WARN_OBJC_IMPLICIT_RETAIN_SELF = YES;
				CLANG_WARN_OBJC_LITERAL_CONVERSION = YES;
				CLANG_WARN_OBJC_ROOT_CLASS = YES_ERROR;
				CLANG_WARN_RANGE_LOOP_ANALYSIS = YES;
				CLANG_WARN_STRICT_PROTOTYPES = YES;
				CLANG_WARN_SUSPICIOUS_MOVE = YES;
				CLANG_WARN_UNGUARDED_AVAILABILITY = YES_AGGRESSIVE;
				CLANG_WARN_UNREACHABLE_CODE = YES;
				CLANG_WARN__DUPLICATE_METHOD_MATCH = YES;
				COPY_PHASE_STRIP = NO;
				DEBUG_INFORMATION_FORMAT = dwarf;
				ENABLE_STRICT_OBJC_MSGSEND = YES;
				ENABLE_TESTABILITY = YES;
				GCC_C_LANGUAGE_STANDARD = gnu11;
				GCC_DYNAMIC_NO_PIC = NO;
				GCC_NO_COMMON_BLOCKS = YES;
				GCC_OPTIMIZATION_LEVEL = 0;
				GCC_PREPROCESSOR_DEFINITIONS = (
					"DEBUG=1",
					"$(inherited)",
				);
				GCC_WARN_64_TO_32_BIT_CONVERSION = YES;
				GCC_WARN_ABOUT_RETURN_TYPE = YES_ERROR;
				GCC_WARN_UNDECLARED_SELECTOR = YES;
				GCC_WARN_UNINITIALIZED_AUTOS = YES_AGGRESSIVE;
				GCC_WARN_UNUSED_FUNCTION = YES;
				GCC_WARN_UNUSED_VARIABLE = YES;
				IPHONEOS_DEPLOYMENT_TARGET = 13.2;
				MTL_ENABLE_DEBUG_INFO = INCLUDE_SOURCE;
				MTL_FAST_MATH = YES;
				ONLY_ACTIVE_ARCH = YES;
				SDKROOT = iphoneos;
				SWIFT_ACTIVE_COMPILATION_CONDITIONS = DEBUG;
				SWIFT_OPTIMIZATION_LEVEL = "-Onone";
			};
			name = Debug;
		};
		3FC7E0E327CF507F00E87F26 /* Release */ = {
			isa = XCBuildConfiguration;
			buildSettings = {
				ALWAYS_SEARCH_USER_PATHS = NO;
				CLANG_ANALYZER_NONNULL = YES;
				CLANG_ANALYZER_NUMBER_OBJECT_CONVERSION = YES_AGGRESSIVE;
				CLANG_CXX_LANGUAGE_STANDARD = "gnu++14";
				CLANG_CXX_LIBRARY = "libc++";
				CLANG_ENABLE_MODULES = YES;
				CLANG_ENABLE_OBJC_ARC = YES;
				CLANG_ENABLE_OBJC_WEAK = YES;
				CLANG_WARN_BLOCK_CAPTURE_AUTORELEASING = YES;
				CLANG_WARN_BOOL_CONVERSION = YES;
				CLANG_WARN_COMMA = YES;
				CLANG_WARN_CONSTANT_CONVERSION = YES;
				CLANG_WARN_DEPRECATED_OBJC_IMPLEMENTATIONS = YES;
				CLANG_WARN_DIRECT_OBJC_ISA_USAGE = YES_ERROR;
				CLANG_WARN_DOCUMENTATION_COMMENTS = YES;
				CLANG_WARN_EMPTY_BODY = YES;
				CLANG_WARN_ENUM_CONVERSION = YES;
				CLANG_WARN_INFINITE_RECURSION = YES;
				CLANG_WARN_INT_CONVERSION = YES;
				CLANG_WARN_NON_LITERAL_NULL_CONVERSION = YES;
				CLANG_WARN_OBJC_IMPLICIT_RETAIN_SELF = YES;
				CLANG_WARN_OBJC_LITERAL_CONVERSION = YES;
				CLANG_WARN_OBJC_ROOT_CLASS = YES_ERROR;
				CLANG_WARN_RANGE_LOOP_ANALYSIS = YES;
				CLANG_WARN_STRICT_PROTOTYPES = YES;
				CLANG_WARN_SUSPICIOUS_MOVE = YES;
				CLANG_WARN_UNGUARDED_AVAILABILITY = YES_AGGRESSIVE;
				CLANG_WARN_UNREACHABLE_CODE = YES;
				CLANG_WARN__DUPLICATE_METHOD_MATCH = YES;
				COPY_PHASE_STRIP = NO;
				DEBUG_INFORMATION_FORMAT = "dwarf-with-dsym";
				ENABLE_NS_ASSERTIONS = NO;
				ENABLE_STRICT_OBJC_MSGSEND = YES;
				GCC_C_LANGUAGE_STANDARD = gnu11;
				GCC_NO_COMMON_BLOCKS = YES;
				GCC_WARN_64_TO_32_BIT_CONVERSION = YES;
				GCC_WARN_ABOUT_RETURN_TYPE = YES_ERROR;
				GCC_WARN_UNDECLARED_SELECTOR = YES;
				GCC_WARN_UNINITIALIZED_AUTOS = YES_AGGRESSIVE;
				GCC_WARN_UNUSED_FUNCTION = YES;
				GCC_WARN_UNUSED_VARIABLE = YES;
				IPHONEOS_DEPLOYMENT_TARGET = 13.2;
				MTL_ENABLE_DEBUG_INFO = NO;
				MTL_FAST_MATH = YES;
				SDKROOT = iphoneos;
				SWIFT_COMPILATION_MODE = wholemodule;
				SWIFT_OPTIMIZATION_LEVEL = "-O";
				VALIDATE_PRODUCT = YES;
			};
			name = Release;
		};
		3FC7E0E527CF507F00E87F26 /* Debug */ = {
			isa = XCBuildConfiguration;
			buildSettings = {
				ASSETCATALOG_COMPILER_APPICON_NAME = AppIcon;
				CODE_SIGN_STYLE = Automatic;
				INFOPLIST_FILE = Calculator/Info.plist;
				LD_RUNPATH_SEARCH_PATHS = (
					"$(inherited)",
					"@executable_path/Frameworks",
				);
				PRODUCT_BUNDLE_IDENTIFIER = svvv.edu.in.Calculator;
				PRODUCT_NAME = "$(TARGET_NAME)";
				SWIFT_VERSION = 5.0;
				TARGETED_DEVICE_FAMILY = "1,2";
			};
			name = Debug;
		};
		3FC7E0E627CF507F00E87F26 /* Release */ = {
			isa = XCBuildConfiguration;
			buildSettings = {
				ASSETCATALOG_COMPILER_APPICON_NAME = AppIcon;
				CODE_SIGN_STYLE = Automatic;
				INFOPLIST_FILE = Calculator/Info.plist;
				LD_RUNPATH_SEARCH_PATHS = (
					"$(inherited)",
					"@executable_path/Frameworks",
				);
				PRODUCT_BUNDLE_IDENTIFIER = svvv.edu.in.Calculator;
				PRODUCT_NAME = "$(TARGET_NAME)";
				SWIFT_VERSION = 5.0;
				TARGETED_DEVICE_FAMILY = "1,2";
			};
			name = Release;
		};
		3FC7E0E827CF507F00E87F26 /* Debug */ = {
			isa = XCBuildConfiguration;
			buildSettings = {
				ALWAYS_EMBED_SWIFT_STANDARD_LIBRARIES = YES;
				BUNDLE_LOADER = "$(TEST_HOST)";
				CODE_SIGN_STYLE = Automatic;
				INFOPLIST_FILE = CalculatorTests/Info.plist;
				IPHONEOS_DEPLOYMENT_TARGET = 13.2;
				LD_RUNPATH_SEARCH_PATHS = (
					"$(inherited)",
					"@executable_path/Frameworks",
					"@loader_path/Frameworks",
				);
				PRODUCT_BUNDLE_IDENTIFIER = svvv.edu.in.CalculatorTests;
				PRODUCT_NAME = "$(TARGET_NAME)";
				SWIFT_VERSION = 5.0;
				TARGETED_DEVICE_FAMILY = "1,2";
				TEST_HOST = "$(BUILT_PRODUCTS_DIR)/Calculator.app/Calculator";
			};
			name = Debug;
		};
		3FC7E0E927CF507F00E87F26 /* Release */ = {
			isa = XCBuildConfiguration;
			buildSettings = {
				ALWAYS_EMBED_SWIFT_STANDARD_LIBRARIES = YES;
				BUNDLE_LOADER = "$(TEST_HOST)";
				CODE_SIGN_STYLE = Automatic;
				INFOPLIST_FILE = CalculatorTests/Info.plist;
				IPHONEOS_DEPLOYMENT_TARGET = 13.2;
				LD_RUNPATH_SEARCH_PATHS = (
					"$(inherited)",
					"@executable_path/Frameworks",
					"@loader_path/Frameworks",
				);
				PRODUCT_BUNDLE_IDENTIFIER = svvv.edu.in.CalculatorTests;
				PRODUCT_NAME = "$(TARGET_NAME)";
				SWIFT_VERSION = 5.0;
				TARGETED_DEVICE_FAMILY = "1,2";
				TEST_HOST = "$(BUILT_PRODUCTS_DIR)/Calculator.app/Calculator";
			};
			name = Release;
		};
		3FC7E0EB27CF507F00E87F26 /* Debug */ = {
			isa = XCBuildConfiguration;
			buildSettings = {
				ALWAYS_EMBED_SWIFT_STANDARD_LIBRARIES = YES;
				CODE_SIGN_STYLE = Automatic;
				INFOPLIST_FILE = CalculatorUITests/Info.plist;
				LD_RUNPATH_SEARCH_PATHS = (
					"$(inherited)",
					"@executable_path/Frameworks",
					"@loader_path/Frameworks",
				);
				PRODUCT_BUNDLE_IDENTIFIER = svvv.edu.in.CalculatorUITests;
				PRODUCT_NAME = "$(TARGET_NAME)";
				SWIFT_VERSION = 5.0;
				TARGETED_DEVICE_FAMILY = "1,2";
				TEST_TARGET_NAME = Calculator;
			};
			name = Debug;
		};
		3FC7E0EC27CF507F00E87F26 /* Release */ = {
			isa = XCBuildConfiguration;
			buildSettings = {
				ALWAYS_EMBED_SWIFT_STANDARD_LIBRARIES = YES;
				CODE_SIGN_STYLE = Automatic;
				INFOPLIST_FILE = CalculatorUITests/Info.plist;
				LD_RUNPATH_SEARCH_PATHS = (
					"$(inherited)",
					"@executable_path/Frameworks",
					"@loader_path/Frameworks",
				);
				PRODUCT_BUNDLE_IDENTIFIER = svvv.edu.in.CalculatorUITests;
				PRODUCT_NAME = "$(TARGET_NAME)";
				SWIFT_VERSION = 5.0;
				TARGETED_DEVICE_FAMILY = "1,2";
				TEST_TARGET_NAME = Calculator;
			};
			name = Release;
		};
/* End XCBuildConfiguration section */

/* Begin XCConfigurationList section */
		3FC7E0B527CF506500E87F26 /* Build configuration list for PBXProject "Calculator" */ = {
			isa = XCConfigurationList;
			buildConfigurations = (
				3FC7E0E227CF507F00E87F26 /* Debug */,
				3FC7E0E327CF507F00E87F26 /* Release */,
			);
			defaultConfigurationIsVisible = 0;
			defaultConfigurationName = Release;
		};
		3FC7E0E427CF507F00E87F26 /* Build configuration list for PBXNativeTarget "Calculator" */ = {
			isa = XCConfigurationList;
			buildConfigurations = (
				3FC7E0E527CF507F00E87F26 /* Debug */,
				3FC7E0E627CF507F00E87F26 /* Release */,
			);
			defaultConfigurationIsVisible = 0;
			defaultConfigurationName = Release;
		};
		3FC7E0E727CF507F00E87F26 /* Build configuration list for PBXNativeTarget "CalculatorTests" */ = {
			isa = XCConfigurationList;
			buildConfigurations = (
				3FC7E0E827CF507F00E87F26 /* Debug */,
				3FC7E0E927CF507F00E87F26 /* Release */,
			);
			defaultConfigurationIsVisible = 0;
			defaultConfigurationName = Release;
		};
		3FC7E0EA27CF507F00E87F26 /* Build configuration list for PBXNativeTarget "CalculatorUITests" */ = {
			isa = XCConfigurationList;
			buildConfigurations = (
				3FC7E0EB27CF507F00E87F26 /* Debug */,
				3FC7E0EC27CF507F00E87F26 /* Release */,
			);
			defaultConfigurationIsVisible = 0;
			defaultConfigurationName = Release;
		};
/* End XCConfigurationList section */
	};
	rootObject = 3FC7E0B227CF506500E87F26 /* Project object */;
}
