// !$*UTF8*$!
{
	archiveVersion = 1;
	classes = {
	};
	objectVersion = 50;
	objects = {

/* Begin PBXBuildFile section */
		3FC7E08627CF4FD800E87F26 /* AppDelegate.swift in Sources */ = {isa = PBXBuildFile; fileRef = 3FC7E08527CF4FD800E87F26 /* AppDelegate.swift */; };
		3FC7E08827CF4FD800E87F26 /* ViewController.swift in Sources */ = {isa = PBXBuildFile; fileRef = 3FC7E08727CF4FD800E87F26 /* ViewController.swift */; };
		3FC7E08A27CF500400E87F26 /* Assets.xcassets in Resources */ = {isa = PBXBuildFile; fileRef = 3FC7E08927CF500400E87F26 /* Assets.xcassets */; };
		3FC7E08D27CF500400E87F26 /* Main.storyboard in Resources */ = {isa = PBXBuildFile; fileRef = 3FC7E08B27CF500400E87F26 /* Main.storyboard */; };
		3FC7E09927CF500600E87F26 /* calculatorappTests.swift in Sources */ = {isa = PBXBuildFile; fileRef = 3FC7E09827CF500600E87F26 /* calculatorappTests.swift */; };
		3FC7E0A427CF500600E87F26 /* calculatorappUITests.swift in Sources */ = {isa = PBXBuildFile; fileRef = 3FC7E0A327CF500600E87F26 /* calculatorappUITests.swift */; };
/* End PBXBuildFile section */

/* Begin PBXContainerItemProxy section */
		3FC7E09527CF500600E87F26 /* PBXContainerItemProxy */ = {
			isa = PBXContainerItemProxy;
			containerPortal = 3FC7E07A27CF4FD700E87F26 /* Project object */;
			proxyType = 1;
			remoteGlobalIDString = 3FC7E08127CF4FD700E87F26;
			remoteInfo = calculatorapp;
		};
		3FC7E0A027CF500600E87F26 /* PBXContainerItemProxy */ = {
			isa = PBXContainerItemProxy;
			containerPortal = 3FC7E07A27CF4FD700E87F26 /* Project object */;
			proxyType = 1;
			remoteGlobalIDString = 3FC7E08127CF4FD700E87F26;
			remoteInfo = calculatorapp;
		};
/* End PBXContainerItemProxy section */

/* Begin PBXFileReference section */
		3FC7E08227CF4FD700E87F26 /* calculatorapp.app */ = {isa = PBXFileReference; explicitFileType = wrapper.application; includeInIndex = 0; path = calculatorapp.app; sourceTree = BUILT_PRODUCTS_DIR; };
		3FC7E08527CF4FD800E87F26 /* AppDelegate.swift */ = {isa = PBXFileReference; lastKnownFileType = sourcecode.swift; path = AppDelegate.swift; sourceTree = "<group>"; };
		3FC7E08727CF4FD800E87F26 /* ViewController.swift */ = {isa = PBXFileReference; lastKnownFileType = sourcecode.swift; path = ViewController.swift; sourceTree = "<group>"; };
		3FC7E08927CF500400E87F26 /* Assets.xcassets */ = {isa = PBXFileReference; lastKnownFileType = folder.assetcatalog; path = Assets.xcassets; sourceTree = "<group>"; };
		3FC7E08C27CF500400E87F26 /* Base */ = {isa = PBXFileReference; lastKnownFileType = file.storyboard; name = Base; path = Base.lproj/Main.storyboard; sourceTree = "<group>"; };
		3FC7E08E27CF500400E87F26 /* Info.plist */ = {isa = PBXFileReference; lastKnownFileType = text.plist.xml; path = Info.plist; sourceTree = "<group>"; };
		3FC7E08F27CF500400E87F26 /* calculatorapp.entitlements */ = {isa = PBXFileReference; lastKnownFileType = text.plist.entitlements; path = calculatorapp.entitlements; sourceTree = "<group>"; };
		3FC7E09427CF500600E87F26 /* calculatorappTests.xctest */ = {isa = PBXFileReference; explicitFileType = wrapper.cfbundle; includeInIndex = 0; path = calculatorappTests.xctest; sourceTree = BUILT_PRODUCTS_DIR; };
		3FC7E09827CF500600E87F26 /* calculatorappTests.swift */ = {isa = PBXFileReference; lastKnownFileType = sourcecode.swift; path = calculatorappTests.swift; sourceTree = "<group>"; };
		3FC7E09A27CF500600E87F26 /* Info.plist */ = {isa = PBXFileReference; lastKnownFileType = text.plist.xml; path = Info.plist; sourceTree = "<group>"; };
		3FC7E09F27CF500600E87F26 /* calculatorappUITests.xctest */ = {isa = PBXFileReference; explicitFileType = wrapper.cfbundle; includeInIndex = 0; path = calculatorappUITests.xctest; sourceTree = BUILT_PRODUCTS_DIR; };
		3FC7E0A327CF500600E87F26 /* calculatorappUITests.swift */ = {isa = PBXFileReference; lastKnownFileType = sourcecode.swift; path = calculatorappUITests.swift; sourceTree = "<group>"; };
		3FC7E0A527CF500600E87F26 /* Info.plist */ = {isa = PBXFileReference; lastKnownFileType = text.plist.xml; path = Info.plist; sourceTree = "<group>"; };
/* End PBXFileReference section */

/* Begin PBXFrameworksBuildPhase section */
		3FC7E07F27CF4FD700E87F26 /* Frameworks */ = {
			isa = PBXFrameworksBuildPhase;
			buildActionMask = 2147483647;
			files = (
			);
			runOnlyForDeploymentPostprocessing = 0;
		};
		3FC7E09127CF500600E87F26 /* Frameworks */ = {
			isa = PBXFrameworksBuildPhase;
			buildActionMask = 2147483647;
			files = (
			);
			runOnlyForDeploymentPostprocessing = 0;
		};
		3FC7E09C27CF500600E87F26 /* Frameworks */ = {
			isa = PBXFrameworksBuildPhase;
			buildActionMask = 2147483647;
			files = (
			);
			runOnlyForDeploymentPostprocessing = 0;
		};
/* End PBXFrameworksBuildPhase section */

/* Begin PBXGroup section */
		3FC7E07927CF4FD700E87F26 = {
			isa = PBXGroup;
			children = (
				3FC7E08427CF4FD700E87F26 /* calculatorapp */,
				3FC7E09727CF500600E87F26 /* calculatorappTests */,
				3FC7E0A227CF500600E87F26 /* calculatorappUITests */,
				3FC7E08327CF4FD700E87F26 /* Products */,
			);
			sourceTree = "<group>";
		};
		3FC7E08327CF4FD700E87F26 /* Products */ = {
			isa = PBXGroup;
			children = (
				3FC7E08227CF4FD700E87F26 /* calculatorapp.app */,
				3FC7E09427CF500600E87F26 /* calculatorappTests.xctest */,
				3FC7E09F27CF500600E87F26 /* calculatorappUITests.xctest */,
			);
			name = Products;
			sourceTree = "<group>";
		};
		3FC7E08427CF4FD700E87F26 /* calculatorapp */ = {
			isa = PBXGroup;
			children = (
				3FC7E08527CF4FD800E87F26 /* AppDelegate.swift */,
				3FC7E08727CF4FD800E87F26 /* ViewController.swift */,
				3FC7E08927CF500400E87F26 /* Assets.xcassets */,
				3FC7E08B27CF500400E87F26 /* Main.storyboard */,
				3FC7E08E27CF500400E87F26 /* Info.plist */,
				3FC7E08F27CF500400E87F26 /* calculatorapp.entitlements */,
			);
			path = calculatorapp;
			sourceTree = "<group>";
		};
		3FC7E09727CF500600E87F26 /* calculatorappTests */ = {
			isa = PBXGroup;
			children = (
				3FC7E09827CF500600E87F26 /* calculatorappTests.swift */,
				3FC7E09A27CF500600E87F26 /* Info.plist */,
			);
			path = calculatorappTests;
			sourceTree = "<group>";
		};
		3FC7E0A227CF500600E87F26 /* calculatorappUITests */ = {
			isa = PBXGroup;
			children = (
				3FC7E0A327CF500600E87F26 /* calculatorappUITests.swift */,
				3FC7E0A527CF500600E87F26 /* Info.plist */,
			);
			path = calculatorappUITests;
			sourceTree = "<group>";
		};
/* End PBXGroup section */

/* Begin PBXNativeTarget section */
		3FC7E08127CF4FD700E87F26 /* calculatorapp */ = {
			isa = PBXNativeTarget;
			buildConfigurationList = 3FC7E0A827CF500600E87F26 /* Build configuration list for PBXNativeTarget "calculatorapp" */;
			buildPhases = (
				3FC7E07E27CF4FD700E87F26 /* Sources */,
				3FC7E07F27CF4FD700E87F26 /* Frameworks */,
				3FC7E08027CF4FD700E87F26 /* Resources */,
			);
			buildRules = (
			);
			dependencies = (
			);
			name = calculatorapp;
			productName = calculatorapp;
			productReference = 3FC7E08227CF4FD700E87F26 /* calculatorapp.app */;
			productType = "com.apple.product-type.application";
		};
		3FC7E09327CF500600E87F26 /* calculatorappTests */ = {
			isa = PBXNativeTarget;
			buildConfigurationList = 3FC7E0AB27CF500600E87F26 /* Build configuration list for PBXNativeTarget "calculatorappTests" */;
			buildPhases = (
				3FC7E09027CF500600E87F26 /* Sources */,
				3FC7E09127CF500600E87F26 /* Frameworks */,
				3FC7E09227CF500600E87F26 /* Resources */,
			);
			buildRules = (
			);
			dependencies = (
				3FC7E09627CF500600E87F26 /* PBXTargetDependency */,
			);
			name = calculatorappTests;
			productName = calculatorappTests;
			productReference = 3FC7E09427CF500600E87F26 /* calculatorappTests.xctest */;
			productType = "com.apple.product-type.bundle.unit-test";
		};
		3FC7E09E27CF500600E87F26 /* calculatorappUITests */ = {
			isa = PBXNativeTarget;
			buildConfigurationList = 3FC7E0AE27CF500600E87F26 /* Build configuration list for PBXNativeTarget "calculatorappUITests" */;
			buildPhases = (
				3FC7E09B27CF500600E87F26 /* Sources */,
				3FC7E09C27CF500600E87F26 /* Frameworks */,
				3FC7E09D27CF500600E87F26 /* Resources */,
			);
			buildRules = (
			);
			dependencies = (
				3FC7E0A127CF500600E87F26 /* PBXTargetDependency */,
			);
			name = calculatorappUITests;
			productName = calculatorappUITests;
			productReference = 3FC7E09F27CF500600E87F26 /* calculatorappUITests.xctest */;
			productType = "com.apple.product-type.bundle.ui-testing";
		};
/* End PBXNativeTarget section */

/* Begin PBXProject section */
		3FC7E07A27CF4FD700E87F26 /* Project object */ = {
			isa = PBXProject;
			attributes = {
				LastSwiftUpdateCheck = 1130;
				LastUpgradeCheck = 1130;
				ORGANIZATIONNAME = SVIIT;
				TargetAttributes = {
					3FC7E08127CF4FD700E87F26 = {
						CreatedOnToolsVersion = 11.3.1;
					};
					3FC7E09327CF500600E87F26 = {
						CreatedOnToolsVersion = 11.3.1;
						TestTargetID = 3FC7E08127CF4FD700E87F26;
					};
					3FC7E09E27CF500600E87F26 = {
						CreatedOnToolsVersion = 11.3.1;
						TestTargetID = 3FC7E08127CF4FD700E87F26;
					};
				};
			};
			buildConfigurationList = 3FC7E07D27CF4FD700E87F26 /* Build configuration list for PBXProject "calculatorapp" */;
			compatibilityVersion = "Xcode 9.3";
			developmentRegion = en;
			hasScannedForEncodings = 0;
			knownRegions = (
				en,
				Base,
			);
			mainGroup = 3FC7E07927CF4FD700E87F26;
			productRefGroup = 3FC7E08327CF4FD700E87F26 /* Products */;
			projectDirPath = "";
			projectRoot = "";
			targets = (
				3FC7E08127CF4FD700E87F26 /* calculatorapp */,
				3FC7E09327CF500600E87F26 /* calculatorappTests */,
				3FC7E09E27CF500600E87F26 /* calculatorappUITests */,
			);
		};
/* End PBXProject section */

/* Begin PBXResourcesBuildPhase section */
		3FC7E08027CF4FD700E87F26 /* Resources */ = {
			isa = PBXResourcesBuildPhase;
			buildActionMask = 2147483647;
			files = (
				3FC7E08A27CF500400E87F26 /* Assets.xcassets in Resources */,
				3FC7E08D27CF500400E87F26 /* Main.storyboard in Resources */,
			);
			runOnlyForDeploymentPostprocessing = 0;
		};
		3FC7E09227CF500600E87F26 /* Resources */ = {
			isa = PBXResourcesBuildPhase;
			buildActionMask = 2147483647;
			files = (
			);
			runOnlyForDeploymentPostprocessing = 0;
		};
		3FC7E09D27CF500600E87F26 /* Resources */ = {
			isa = PBXResourcesBuildPhase;
			buildActionMask = 2147483647;
			files = (
			);
			runOnlyForDeploymentPostprocessing = 0;
		};
/* End PBXResourcesBuildPhase section */

/* Begin PBXSourcesBuildPhase section */
		3FC7E07E27CF4FD700E87F26 /* Sources */ = {
			isa = PBXSourcesBuildPhase;
			buildActionMask = 2147483647;
			files = (
				3FC7E08827CF4FD800E87F26 /* ViewController.swift in Sources */,
				3FC7E08627CF4FD800E87F26 /* AppDelegate.swift in Sources */,
			);
			runOnlyForDeploymentPostprocessing = 0;
		};
		3FC7E09027CF500600E87F26 /* Sources */ = {
			isa = PBXSourcesBuildPhase;
			buildActionMask = 2147483647;
			files = (
				3FC7E09927CF500600E87F26 /* calculatorappTests.swift in Sources */,
			);
			runOnlyForDeploymentPostprocessing = 0;
		};
		3FC7E09B27CF500600E87F26 /* Sources */ = {
			isa = PBXSourcesBuildPhase;
			buildActionMask = 2147483647;
			files = (
				3FC7E0A427CF500600E87F26 /* calculatorappUITests.swift in Sources */,
			);
			runOnlyForDeploymentPostprocessing = 0;
		};
/* End PBXSourcesBuildPhase section */

/* Begin PBXTargetDependency section */
		3FC7E09627CF500600E87F26 /* PBXTargetDependency */ = {
			isa = PBXTargetDependency;
			target = 3FC7E08127CF4FD700E87F26 /* calculatorapp */;
			targetProxy = 3FC7E09527CF500600E87F26 /* PBXContainerItemProxy */;
		};
		3FC7E0A127CF500600E87F26 /* PBXTargetDependency */ = {
			isa = PBXTargetDependency;
			target = 3FC7E08127CF4FD700E87F26 /* calculatorapp */;
			targetProxy = 3FC7E0A027CF500600E87F26 /* PBXContainerItemProxy */;
		};
/* End PBXTargetDependency section */

/* Begin PBXVariantGroup section */
		3FC7E08B27CF500400E87F26 /* Main.storyboard */ = {
			isa = PBXVariantGroup;
			children = (
				3FC7E08C27CF500400E87F26 /* Base */,
			);
			name = Main.storyboard;
			sourceTree = "<group>";
		};
/* End PBXVariantGroup section */

/* Begin XCBuildConfiguration section */
		3FC7E0A627CF500600E87F26 /* Debug */ = {
			isa = XCBuildConfiguration;
			buildSettings = {
				ALWAYS_SEARCH_USER_PATHS = NO;
				CLANG_ANALYZER_NONNULL = YES;
				CLANG_ANALYZER_NUMBER_OBJECT_CONVERSION = YES_AGGRESSIVE;
				CLANG_CXX_LANGUAGE_STANDARD = "gnu++14";
				CLANG_CXX_LIBRARY = "libc++";
				CLANG_ENABLE_MODULES = YES;
				CLANG_ENABLE_OBJC_ARC = YES;
				CLANG_ENABLE_OBJC_WEAK = YES;
				CLANG_WARN_BLOCK_CAPTURE_AUTORELEASING = YES;
				CLANG_WARN_BOOL_CONVERSION = YES;
				CLANG_WARN_COMMA = YES;
				CLANG_WARN_CONSTANT_CONVERSION = YES;
				CLANG_WARN_DEPRECATED_OBJC_IMPLEMENTATIONS = YES;
				CLANG_WARN_DIRECT_OBJC_ISA_USAGE = YES_ERROR;
				CLANG_WARN_DOCUMENTATION_COMMENTS = YES;
				CLANG_WARN_EMPTY_BODY = YES;
				CLANG_WARN_ENUM_CONVERSION = YES;
				CLANG_WARN_INFINITE_RECURSION = YES;
				CLANG_WARN_INT_CONVERSION = YES;
				CLANG_WARN_NON_LITERAL_NULL_CONVERSION = YES;
				CLANG_WARN_OBJC_IMPLICIT_RETAIN_SELF = YES;
				CLANG_WARN_OBJC_LITERAL_CONVERSION = YES;
				CLANG_WARN_OBJC_ROOT_CLASS = YES_ERROR;
				CLANG_WARN_RANGE_LOOP_ANALYSIS = YES;
				CLANG_WARN_STRICT_PROTOTYPES = YES;
				CLANG_WARN_SUSPICIOUS_MOVE = YES;
				CLANG_WARN_UNGUARDED_AVAILABILITY = YES_AGGRESSIVE;
				CLANG_WARN_UNREACHABLE_CODE = YES;
				CLANG_WARN__DUPLICATE_METHOD_MATCH = YES;
				COPY_PHASE_STRIP = NO;
				DEBUG_INFORMATION_FORMAT = dwarf;
				ENABLE_STRICT_OBJC_MSGSEND = YES;
				ENABLE_TESTABILITY = YES;
				GCC_C_LANGUAGE_STANDARD = gnu11;
				GCC_DYNAMIC_NO_PIC = NO;
				GCC_NO_COMMON_BLOCKS = YES;
				GCC_OPTIMIZATION_LEVEL = 0;
				GCC_PREPROCESSOR_DEFINITIONS = (
					"DEBUG=1",
					"$(inherited)",
				);
				GCC_WARN_64_TO_32_BIT_CONVERSION = YES;
				GCC_WARN_ABOUT_RETURN_TYPE = YES_ERROR;
				GCC_WARN_UNDECLARED_SELECTOR = YES;
				GCC_WARN_UNINITIALIZED_AUTOS = YES_AGGRESSIVE;
				GCC_WARN_UNUSED_FUNCTION = YES;
				GCC_WARN_UNUSED_VARIABLE = YES;
				MACOSX_DEPLOYMENT_TARGET = 10.16;
				MTL_ENABLE_DEBUG_INFO = INCLUDE_SOURCE;
				MTL_FAST_MATH = YES;
				ONLY_ACTIVE_ARCH = YES;
				SDKROOT = macosx;
				SWIFT_ACTIVE_COMPILATION_CONDITIONS = DEBUG;
				SWIFT_OPTIMIZATION_LEVEL = "-Onone";
			};
			name = Debug;
		};
		3FC7E0A727CF500600E87F26 /* Release */ = {
			isa = XCBuildConfiguration;
			buildSettings = {
				ALWAYS_SEARCH_USER_PATHS = NO;
				CLANG_ANALYZER_NONNULL = YES;
				CLANG_ANALYZER_NUMBER_OBJECT_CONVERSION = YES_AGGRESSIVE;
				CLANG_CXX_LANGUAGE_STANDARD = "gnu++14";
				CLANG_CXX_LIBRARY = "libc++";
				CLANG_ENABLE_MODULES = YES;
				CLANG_ENABLE_OBJC_ARC = YES;
				CLANG_ENABLE_OBJC_WEAK = YES;
				CLANG_WARN_BLOCK_CAPTURE_AUTORELEASING = YES;
				CLANG_WARN_BOOL_CONVERSION = YES;
				CLANG_WARN_COMMA = YES;
				CLANG_WARN_CONSTANT_CONVERSION = YES;
				CLANG_WARN_DEPRECATED_OBJC_IMPLEMENTATIONS = YES;
				CLANG_WARN_DIRECT_OBJC_ISA_USAGE = YES_ERROR;
				CLANG_WARN_DOCUMENTATION_COMMENTS = YES;
				CLANG_WARN_EMPTY_BODY = YES;
				CLANG_WARN_ENUM_CONVERSION = YES;
				CLANG_WARN_INFINITE_RECURSION = YES;
				CLANG_WARN_INT_CONVERSION = YES;
				CLANG_WARN_NON_LITERAL_NULL_CONVERSION = YES;
				CLANG_WARN_OBJC_IMPLICIT_RETAIN_SELF = YES;
				CLANG_WARN_OBJC_LITERAL_CONVERSION = YES;
				CLANG_WARN_OBJC_ROOT_CLASS = YES_ERROR;
				CLANG_WARN_RANGE_LOOP_ANALYSIS = YES;
				CLANG_WARN_STRICT_PROTOTYPES = YES;
				CLANG_WARN_SUSPICIOUS_MOVE = YES;
				CLANG_WARN_UNGUARDED_AVAILABILITY = YES_AGGRESSIVE;
				CLANG_WARN_UNREACHABLE_CODE = YES;
				CLANG_WARN__DUPLICATE_METHOD_MATCH = YES;
				COPY_PHASE_STRIP = NO;
				DEBUG_INFORMATION_FORMAT = "dwarf-with-dsym";
				ENABLE_NS_ASSERTIONS = NO;
				ENABLE_STRICT_OBJC_MSGSEND = YES;
				GCC_C_LANGUAGE_STANDARD = gnu11;
				GCC_NO_COMMON_BLOCKS = YES;
				GCC_WARN_64_TO_32_BIT_CONVERSION = YES;
				GCC_WARN_ABOUT_RETURN_TYPE = YES_ERROR;
				GCC_WARN_UNDECLARED_SELECTOR = YES;
				GCC_WARN_UNINITIALIZED_AUTOS = YES_AGGRESSIVE;
				GCC_WARN_UNUSED_FUNCTION = YES;
				GCC_WARN_UNUSED_VARIABLE = YES;
				MACOSX_DEPLOYMENT_TARGET = 10.16;
				MTL_ENABLE_DEBUG_INFO = NO;
				MTL_FAST_MATH = YES;
				SDKROOT = macosx;
				SWIFT_COMPILATION_MODE = wholemodule;
				SWIFT_OPTIMIZATION_LEVEL = "-O";
			};
			name = Release;
		};
		3FC7E0A927CF500600E87F26 /* Debug */ = {
			isa = XCBuildConfiguration;
			buildSettings = {
				ASSETCATALOG_COMPILER_APPICON_NAME = AppIcon;
				CODE_SIGN_ENTITLEMENTS = calculatorapp/calculatorapp.entitlements;
				CODE_SIGN_STYLE = Automatic;
				COMBINE_HIDPI_IMAGES = YES;
				INFOPLIST_FILE = calculatorapp/Info.plist;
				LD_RUNPATH_SEARCH_PATHS = (
					"$(inherited)",
					"@executable_path/../Frameworks",
				);
				PRODUCT_BUNDLE_IDENTIFIER = svvv.edu.in.calculatorapp;
				PRODUCT_NAME = "$(TARGET_NAME)";
				SWIFT_VERSION = 5.0;
			};
			name = Debug;
		};
		3FC7E0AA27CF500600E87F26 /* Release */ = {
			isa = XCBuildConfiguration;
			buildSettings = {
				ASSETCATALOG_COMPILER_APPICON_NAME = AppIcon;
				CODE_SIGN_ENTITLEMENTS = calculatorapp/calculatorapp.entitlements;
				CODE_SIGN_STYLE = Automatic;
				COMBINE_HIDPI_IMAGES = YES;
				INFOPLIST_FILE = calculatorapp/Info.plist;
				LD_RUNPATH_SEARCH_PATHS = (
					"$(inherited)",
					"@executable_path/../Frameworks",
				);
				PRODUCT_BUNDLE_IDENTIFIER = svvv.edu.in.calculatorapp;
				PRODUCT_NAME = "$(TARGET_NAME)";
				SWIFT_VERSION = 5.0;
			};
			name = Release;
		};
		3FC7E0AC27CF500600E87F26 /* Debug */ = {
			isa = XCBuildConfiguration;
			buildSettings = {
				ALWAYS_EMBED_SWIFT_STANDARD_LIBRARIES = YES;
				BUNDLE_LOADER = "$(TEST_HOST)";
				CODE_SIGN_STYLE = Automatic;
				COMBINE_HIDPI_IMAGES = YES;
				INFOPLIST_FILE = calculatorappTests/Info.plist;
				LD_RUNPATH_SEARCH_PATHS = (
					"$(inherited)",
					"@executable_path/../Frameworks",
					"@loader_path/../Frameworks",
				);
				MACOSX_DEPLOYMENT_TARGET = 10.16;
				PRODUCT_BUNDLE_IDENTIFIER = svvv.edu.in.calculatorappTests;
				PRODUCT_NAME = "$(TARGET_NAME)";
				SWIFT_VERSION = 5.0;
				TEST_HOST = "$(BUILT_PRODUCTS_DIR)/calculatorapp.app/Contents/MacOS/calculatorapp";
			};
			name = Debug;
		};
		3FC7E0AD27CF500600E87F26 /* Release */ = {
			isa = XCBuildConfiguration;
			buildSettings = {
				ALWAYS_EMBED_SWIFT_STANDARD_LIBRARIES = YES;
				BUNDLE_LOADER = "$(TEST_HOST)";
				CODE_SIGN_STYLE = Automatic;
				COMBINE_HIDPI_IMAGES = YES;
				INFOPLIST_FILE = calculatorappTests/Info.plist;
				LD_RUNPATH_SEARCH_PATHS = (
					"$(inherited)",
					"@executable_path/../Frameworks",
					"@loader_path/../Frameworks",
				);
				MACOSX_DEPLOYMENT_TARGET = 10.16;
				PRODUCT_BUNDLE_IDENTIFIER = svvv.edu.in.calculatorappTests;
				PRODUCT_NAME = "$(TARGET_NAME)";
				SWIFT_VERSION = 5.0;
				TEST_HOST = "$(BUILT_PRODUCTS_DIR)/calculatorapp.app/Contents/MacOS/calculatorapp";
			};
			name = Release;
		};
		3FC7E0AF27CF500600E87F26 /* Debug */ = {
			isa = XCBuildConfiguration;
			buildSettings = {
				ALWAYS_EMBED_SWIFT_STANDARD_LIBRARIES = YES;
				CODE_SIGN_STYLE = Automatic;
				COMBINE_HIDPI_IMAGES = YES;
				INFOPLIST_FILE = calculatorappUITests/Info.plist;
				LD_RUNPATH_SEARCH_PATHS = (
					"$(inherited)",
					"@executable_path/../Frameworks",
					"@loader_path/../Frameworks",
				);
				PRODUCT_BUNDLE_IDENTIFIER = svvv.edu.in.calculatorappUITests;
				PRODUCT_NAME = "$(TARGET_NAME)";
				SWIFT_VERSION = 5.0;
				TEST_TARGET_NAME = calculatorapp;
			};
			name = Debug;
		};
		3FC7E0B027CF500600E87F26 /* Release */ = {
			isa = XCBuildConfiguration;
			buildSettings = {
				ALWAYS_EMBED_SWIFT_STANDARD_LIBRARIES = YES;
				CODE_SIGN_STYLE = Automatic;
				COMBINE_HIDPI_IMAGES = YES;
				INFOPLIST_FILE = calculatorappUITests/Info.plist;
				LD_RUNPATH_SEARCH_PATHS = (
					"$(inherited)",
					"@executable_path/../Frameworks",
					"@loader_path/../Frameworks",
				);
				PRODUCT_BUNDLE_IDENTIFIER = svvv.edu.in.calculatorappUITests;
				PRODUCT_NAME = "$(TARGET_NAME)";
				SWIFT_VERSION = 5.0;
				TEST_TARGET_NAME = calculatorapp;
			};
			name = Release;
		};
/* End XCBuildConfiguration section */

/* Begin XCConfigurationList section */
		3FC7E07D27CF4FD700E87F26 /* Build configuration list for PBXProject "calculatorapp" */ = {
			isa = XCConfigurationList;
			buildConfigurations = (
				3FC7E0A627CF500600E87F26 /* Debug */,
				3FC7E0A727CF500600E87F26 /* Release */,
			);
			defaultConfigurationIsVisible = 0;
			defaultConfigurationName = Release;
		};
		3FC7E0A827CF500600E87F26 /* Build configuration list for PBXNativeTarget "calculatorapp" */ = {
			isa = XCConfigurationList;
			buildConfigurations = (
				3FC7E0A927CF500600E87F26 /* Debug */,
				3FC7E0AA27CF500600E87F26 /* Release */,
			);
			defaultConfigurationIsVisible = 0;
			defaultConfigurationName = Release;
		};
		3FC7E0AB27CF500600E87F26 /* Build configuration list for PBXNativeTarget "calculatorappTests" */ = {
			isa = XCConfigurationList;
			buildConfigurations = (
				3FC7E0AC27CF500600E87F26 /* Debug */,
				3FC7E0AD27CF500600E87F26 /* Release */,
			);
			defaultConfigurationIsVisible = 0;
			defaultConfigurationName = Release;
		};
		3FC7E0AE27CF500600E87F26 /* Build configuration list for PBXNativeTarget "calculatorappUITests" */ = {
			isa = XCConfigurationList;
			buildConfigurations = (
				3FC7E0AF27CF500600E87F26 /* Debug */,
				3FC7E0B027CF500600E87F26 /* Release */,
			);
			defaultConfigurationIsVisible = 0;
			defaultConfigurationName = Release;
		};
/* End XCConfigurationList section */
	};
	rootObject = 3FC7E07A27CF4FD700E87F26 /* Project object */;
}
